dependencies:
  espressif/esp-modbus:
    component_hash: 5d5e90b9e55721a8a194b301ad8102d4affb647f47b74cd413ff7d1ce2c1169c
    dependencies:
    - name: idf
      require: private
      version: '>=4.3'
    source:
      registry_url: https://components.espressif.com/
      type: service
    version: 1.0.18
  espressif/esp_lcd_sh1107:
    component_hash: 9cc00a4d066e3e1d120fd2006d30612766488379b820804092a9bfedb3c1f93c
    dependencies:
    - name: idf
      require: private
      version: '>=4.4'
    source:
      registry_url: https://components.espressif.com/
      type: service
    version: 1.1.0
  hayschan/autopid_for_esp_idf:
    component_hash: abb01ee57353d22df70c27840ddec00b90544540c9a78ec18932737d7fbb7878
    dependencies: []
    source:
      registry_url: https://components.espressif.com/
      type: service
    version: 1.0.2
  idf:
    source:
      type: idf
    version: 5.5.1
  lvgl/lvgl:
    component_hash: 2409fdc84e9766d2a18afd84b051aef3f838348136cdb1c10ac2e8bcdb012bf6
    dependencies: []
    source:
      registry_url: https://components.espressif.com/
      type: service
    version: 9.2.0
  mb_example_common:
    dependencies: []
    source:
      path: /Users/rsn/esp/v5.5.1/esp-idf/examples/protocols/modbus/mb_example_common
      type: local
    version: '*'
direct_dependencies:
- espressif/esp-modbus
- espressif/esp_lcd_sh1107
- hayschan/autopid_for_esp_idf
- lvgl/lvgl
- mb_example_common
manifest_hash: d9dbc4973d0a8278a6e418acb67fb275b32f90ddc875b3aa04b4efc07c5fa0e3
target: esp32s3
version: 2.0.0
