dependencies:
  espressif/ds18b20:
    component_hash: 9792f38a20eb2fe7435cba349e3b4b7085381f05400233aacd849ced69e2207f
    dependencies:
    - name: espressif/onewire_bus
      registry_url: https://components.espressif.com
      require: private
      version: ^1.0.0
    source:
      registry_url: https://components.espressif.com/
      type: service
    version: 0.2.0
  espressif/esp-modbus:
    component_hash: 5d5e90b9e55721a8a194b301ad8102d4affb647f47b74cd413ff7d1ce2c1169c
    dependencies:
    - name: idf
      require: private
      version: '>=4.3'
    source:
      registry_url: https://components.espressif.com/
      type: service
    version: 1.0.18
  espressif/esp_lcd_sh1107:
    component_hash: ca21f114b60c756e6c5adc7d173f1572d2f4f64fb7b6370ba82a21d92789e1e9
    dependencies:
    - name: idf
      require: private
      version: '>=5.2'
    source:
      registry_url: https://components.espressif.com/
      type: service
    version: 1.1.0~1
  espressif/onewire_bus:
    component_hash: d709015ba466095259228521cf1bad9c0cdaaa42a92ea5d9c88ec6c28ae89e9b
    dependencies:
    - name: idf
      require: private
      version: '>=5.0'
    source:
      registry_url: https://components.espressif.com
      type: service
    version: 1.1.0
  hayschan/autopid_for_esp_idf:
    component_hash: abb01ee57353d22df70c27840ddec00b90544540c9a78ec18932737d7fbb7878
    dependencies: []
    source:
      registry_url: https://components.espressif.com/
      type: service
    version: 1.0.2
  idf:
    source:
      type: idf
    version: 5.5.4
  lvgl/lvgl:
    component_hash: 2409fdc84e9766d2a18afd84b051aef3f838348136cdb1c10ac2e8bcdb012bf6
    dependencies: []
    source:
      registry_url: https://components.espressif.com/
      type: service
    version: 9.2.0
  mb_example_common:
    dependencies: []
    source:
      path: /volumes/macdata/.espressif/v5.5.4/esp-idf/examples/protocols/modbus/mb_example_common
      type: local
    version: '*'
direct_dependencies:
- espressif/ds18b20
- espressif/esp-modbus
- espressif/esp_lcd_sh1107
- hayschan/autopid_for_esp_idf
- lvgl/lvgl
- mb_example_common
manifest_hash: 89a53d2a5bc70e1c40000d5221a8c06265b2be657765a7dfc93aac0d6da1528d
target: esp32s3
version: 2.0.0
